// !$*UTF8*$!
{
	archiveVersion = 1;
	classes = {
	};
	objectVersion = 56;
	objects = {

/* Begin PBXBuildFile section */
		78C67AEB2B15961800A2DB69 /* CategoryExamVC.swift in Sources */ = {isa = PBXBuildFile; fileRef = 78C67AEA2B15961800A2DB69 /* CategoryExamVC.swift */; };
		EA65234C2B067FA900B29C86 /* HomeController.swift in Sources */ = {isa = PBXBuildFile; fileRef = EA65234B2B067FA900B29C86 /* HomeController.swift */; };
		EA7303192B1DAA6500BF03BF /* ListTableViewCell.swift in Sources */ = {isa = PBXBuildFile; fileRef = EA7303182B1DAA6500BF03BF /* ListTableViewCell.swift */; };
		EA876EE32B0540BB00554794 /* Inter-VariableFont_slnt,wght.ttf in Resources */ = {isa = PBXBuildFile; fileRef = EA876EE22B0540BB00554794 /* Inter-VariableFont_slnt,wght.ttf */; };
		EA93E5E02B1EF4930063974F /* ListCategory.swift in Sources */ = {isa = PBXBuildFile; fileRef = EA93E5DF2B1EF4930063974F /* ListCategory.swift */; };
		EACC13F82B0656F900D57201 /* MyCollectionViewCell.swift in Sources */ = {isa = PBXBuildFile; fileRef = EACC13F72B0656F900D57201 /* MyCollectionViewCell.swift */; };
		EACC13FA2B06589B00D57201 /* productList.swift in Sources */ = {isa = PBXBuildFile; fileRef = EACC13F92B06589B00D57201 /* productList.swift */; };
		EAD06C872B03481800F16B80 /* AppDelegate.swift in Sources */ = {isa = PBXBuildFile; fileRef = EAD06C862B03481800F16B80 /* AppDelegate.swift */; };
		EAD06C892B03481800F16B80 /* SceneDelegate.swift in Sources */ = {isa = PBXBuildFile; fileRef = EAD06C882B03481800F16B80 /* SceneDelegate.swift */; };
		EAD06C8B2B03481800F16B80 /* ViewController.swift in Sources */ = {isa = PBXBuildFile; fileRef = EAD06C8A2B03481800F16B80 /* ViewController.swift */; };
		EAD06C8E2B03481800F16B80 /* Main.storyboard in Resources */ = {isa = PBXBuildFile; fileRef = EAD06C8C2B03481800F16B80 /* Main.storyboard */; };
		EAD06C902B03481A00F16B80 /* Assets.xcassets in Resources */ = {isa = PBXBuildFile; fileRef = EAD06C8F2B03481A00F16B80 /* Assets.xcassets */; };
		EAD06C932B03481A00F16B80 /* LaunchScreen.storyboard in Resources */ = {isa = PBXBuildFile; fileRef = EAD06C912B03481A00F16B80 /* LaunchScreen.storyboard */; };
		EAD8F7602B05BF9400FD54DF /* Color.swift in Sources */ = {isa = PBXBuildFile; fileRef = EAD8F75F2B05BF9400FD54DF /* Color.swift */; };
/* End PBXBuildFile section */

/* Begin PBXFileReference section */
		78C67AEA2B15961800A2DB69 /* CategoryExamVC.swift */ = {isa = PBXFileReference; lastKnownFileType = sourcecode.swift; path = CategoryExamVC.swift; sourceTree = "<group>"; };
		EA65234B2B067FA900B29C86 /* HomeController.swift */ = {isa = PBXFileReference; lastKnownFileType = sourcecode.swift; path = HomeController.swift; sourceTree = "<group>"; };
		EA7303182B1DAA6500BF03BF /* ListTableViewCell.swift */ = {isa = PBXFileReference; lastKnownFileType = sourcecode.swift; path = ListTableViewCell.swift; sourceTree = "<group>"; };
		EA876EE22B0540BB00554794 /* Inter-VariableFont_slnt,wght.ttf */ = {isa = PBXFileReference; lastKnownFileType = file; path = "Inter-VariableFont_slnt,wght.ttf"; sourceTree = "<group>"; };
		EA93E5DF2B1EF4930063974F /* ListCategory.swift */ = {isa = PBXFileReference; lastKnownFileType = sourcecode.swift; path = ListCategory.swift; sourceTree = "<group>"; };
		EABC47572B05427200AD9317 /* Photo */ = {isa = PBXFileReference; lastKnownFileType = folder; path = Photo; sourceTree = "<group>"; };
		EACC13F72B0656F900D57201 /* MyCollectionViewCell.swift */ = {isa = PBXFileReference; lastKnownFileType = sourcecode.swift; path = MyCollectionViewCell.swift; sourceTree = "<group>"; };
		EACC13F92B06589B00D57201 /* productList.swift */ = {isa = PBXFileReference; lastKnownFileType = sourcecode.swift; path = productList.swift; sourceTree = "<group>"; };
		EAD06C832B03481800F16B80 /* ios-Uikit.app */ = {isa = PBXFileReference; explicitFileType = wrapper.application; includeInIndex = 0; path = "ios-Uikit.app"; sourceTree = BUILT_PRODUCTS_DIR; };
		EAD06C862B03481800F16B80 /* AppDelegate.swift */ = {isa = PBXFileReference; lastKnownFileType = sourcecode.swift; path = AppDelegate.swift; sourceTree = "<group>"; };
		EAD06C882B03481800F16B80 /* SceneDelegate.swift */ = {isa = PBXFileReference; lastKnownFileType = sourcecode.swift; path = SceneDelegate.swift; sourceTree = "<group>"; };
		EAD06C8A2B03481800F16B80 /* ViewController.swift */ = {isa = PBXFileReference; lastKnownFileType = sourcecode.swift; path = ViewController.swift; sourceTree = "<group>"; };
		EAD06C8D2B03481800F16B80 /* Base */ = {isa = PBXFileReference; lastKnownFileType = file.storyboard; name = Base; path = Base.lproj/Main.storyboard; sourceTree = "<group>"; };
		EAD06C8F2B03481A00F16B80 /* Assets.xcassets */ = {isa = PBXFileReference; lastKnownFileType = folder.assetcatalog; path = Assets.xcassets; sourceTree = "<group>"; };
		EAD06C922B03481A00F16B80 /* Base */ = {isa = PBXFileReference; lastKnownFileType = file.storyboard; name = Base; path = Base.lproj/LaunchScreen.storyboard; sourceTree = "<group>"; };
		EAD06C942B03481A00F16B80 /* Info.plist */ = {isa = PBXFileReference; lastKnownFileType = text.plist.xml; path = Info.plist; sourceTree = "<group>"; };
		EAD8F75F2B05BF9400FD54DF /* Color.swift */ = {isa = PBXFileReference; lastKnownFileType = sourcecode.swift; path = Color.swift; sourceTree = "<group>"; };
/* End PBXFileReference section */

/* Begin PBXFrameworksBuildPhase section */
		EAD06C802B03481800F16B80 /* Frameworks */ = {
			isa = PBXFrameworksBuildPhase;
			buildActionMask = 2147483647;
			files = (
			);
			runOnlyForDeploymentPostprocessing = 0;
		};
/* End PBXFrameworksBuildPhase section */

/* Begin PBXGroup section */
		EA091E4F2B053131002AD195 /* Resources */ = {
			isa = PBXGroup;
			children = (
				EABC47572B05427200AD9317 /* Photo */,
				EA876EE22B0540BB00554794 /* Inter-VariableFont_slnt,wght.ttf */,
			);
			path = Resources;
			sourceTree = "<group>";
		};
		EA93E5DE2B1ED11C0063974F /* Model */ = {
			isa = PBXGroup;
			children = (
				EA93E5DF2B1EF4930063974F /* ListCategory.swift */,
			);
			path = Model;
			sourceTree = "<group>";
		};
		EAD06C7A2B03481800F16B80 = {
			isa = PBXGroup;
			children = (
				EAD06C852B03481800F16B80 /* ios-Uikit */,
				EAD06C842B03481800F16B80 /* Products */,
			);
			sourceTree = "<group>";
		};
		EAD06C842B03481800F16B80 /* Products */ = {
			isa = PBXGroup;
			children = (
				EAD06C832B03481800F16B80 /* ios-Uikit.app */,
			);
			name = Products;
			sourceTree = "<group>";
		};
		EAD06C852B03481800F16B80 /* ios-Uikit */ = {
			isa = PBXGroup;
			children = (
				EA091E4F2B053131002AD195 /* Resources */,
				EAD06C862B03481800F16B80 /* AppDelegate.swift */,
				EAD06C882B03481800F16B80 /* SceneDelegate.swift */,
				EAD06C8A2B03481800F16B80 /* ViewController.swift */,
				EACC13F72B0656F900D57201 /* MyCollectionViewCell.swift */,
				EA93E5DE2B1ED11C0063974F /* Model */,
				EA65234B2B067FA900B29C86 /* HomeController.swift */,
				EA7303182B1DAA6500BF03BF /* ListTableViewCell.swift */,
				EAD06C8C2B03481800F16B80 /* Main.storyboard */,
				78C67AEA2B15961800A2DB69 /* CategoryExamVC.swift */,
				EACC13F92B06589B00D57201 /* productList.swift */,
				EAD06C8F2B03481A00F16B80 /* Assets.xcassets */,
				EAD06C912B03481A00F16B80 /* LaunchScreen.storyboard */,
				EAD06C942B03481A00F16B80 /* Info.plist */,
				EAD8F75F2B05BF9400FD54DF /* Color.swift */,
			);
			path = "ios-Uikit";
			sourceTree = "<group>";
		};
/* End PBXGroup section */

/* Begin PBXNativeTarget section */
		EAD06C822B03481800F16B80 /* ios-Uikit */ = {
			isa = PBXNativeTarget;
			buildConfigurationList = EAD06C972B03481A00F16B80 /* Build configuration list for PBXNativeTarget "ios-Uikit" */;
			buildPhases = (
				EAD06C7F2B03481800F16B80 /* Sources */,
				EAD06C802B03481800F16B80 /* Frameworks */,
				EAD06C812B03481800F16B80 /* Resources */,
			);
			buildRules = (
			);
			dependencies = (
			);
			name = "ios-Uikit";
			productName = "ios-Uikit";
			productReference = EAD06C832B03481800F16B80 /* ios-Uikit.app */;
			productType = "com.apple.product-type.application";
		};
/* End PBXNativeTarget section */

/* Begin PBXProject section */
		EAD06C7B2B03481800F16B80 /* Project object */ = {
			isa = PBXProject;
			attributes = {
				BuildIndependentTargetsInParallel = 1;
				LastSwiftUpdateCheck = 1500;
				LastUpgradeCheck = 1500;
				TargetAttributes = {
					EAD06C822B03481800F16B80 = {
						CreatedOnToolsVersion = 15.0;
					};
				};
			};
			buildConfigurationList = EAD06C7E2B03481800F16B80 /* Build configuration list for PBXProject "ios-Uikit" */;
			compatibilityVersion = "Xcode 14.0";
			developmentRegion = en;
			hasScannedForEncodings = 0;
			knownRegions = (
				en,
				Base,
			);
			mainGroup = EAD06C7A2B03481800F16B80;
			productRefGroup = EAD06C842B03481800F16B80 /* Products */;
			projectDirPath = "";
			projectRoot = "";
			targets = (
				EAD06C822B03481800F16B80 /* ios-Uikit */,
			);
		};
/* End PBXProject section */

/* Begin PBXResourcesBuildPhase section */
		EAD06C812B03481800F16B80 /* Resources */ = {
			isa = PBXResourcesBuildPhase;
			buildActionMask = 2147483647;
			files = (
				EA876EE32B0540BB00554794 /* Inter-VariableFont_slnt,wght.ttf in Resources */,
				EAD06C932B03481A00F16B80 /* LaunchScreen.storyboard in Resources */,
				EAD06C902B03481A00F16B80 /* Assets.xcassets in Resources */,
				EAD06C8E2B03481800F16B80 /* Main.storyboard in Resources */,
			);
			runOnlyForDeploymentPostprocessing = 0;
		};
/* End PBXResourcesBuildPhase section */

/* Begin PBXSourcesBuildPhase section */
		EAD06C7F2B03481800F16B80 /* Sources */ = {
			isa = PBXSourcesBuildPhase;
			buildActionMask = 2147483647;
			files = (
				EAD06C8B2B03481800F16B80 /* ViewController.swift in Sources */,
				78C67AEB2B15961800A2DB69 /* CategoryExamVC.swift in Sources */,
				EACC13FA2B06589B00D57201 /* productList.swift in Sources */,
				EA65234C2B067FA900B29C86 /* HomeController.swift in Sources */,
				EACC13F82B0656F900D57201 /* MyCollectionViewCell.swift in Sources */,
				EA93E5E02B1EF4930063974F /* ListCategory.swift in Sources */,
				EA7303192B1DAA6500BF03BF /* ListTableViewCell.swift in Sources */,
				EAD8F7602B05BF9400FD54DF /* Color.swift in Sources */,
				EAD06C872B03481800F16B80 /* AppDelegate.swift in Sources */,
				EAD06C892B03481800F16B80 /* SceneDelegate.swift in Sources */,
			);
			runOnlyForDeploymentPostprocessing = 0;
		};
/* End PBXSourcesBuildPhase section */

/* Begin PBXVariantGroup section */
		EAD06C8C2B03481800F16B80 /* Main.storyboard */ = {
			isa = PBXVariantGroup;
			children = (
				EAD06C8D2B03481800F16B80 /* Base */,
			);
			name = Main.storyboard;
			sourceTree = "<group>";
		};
		EAD06C912B03481A00F16B80 /* LaunchScreen.storyboard */ = {
			isa = PBXVariantGroup;
			children = (
				EAD06C922B03481A00F16B80 /* Base */,
			);
			name = LaunchScreen.storyboard;
			sourceTree = "<group>";
		};
/* End PBXVariantGroup section */

/* Begin XCBuildConfiguration section */
		EAD06C952B03481A00F16B80 /* Debug */ = {
			isa = XCBuildConfiguration;
			buildSettings = {
				ALWAYS_SEARCH_USER_PATHS = NO;
				ASSETCATALOG_COMPILER_GENERATE_SWIFT_ASSET_SYMBOL_EXTENSIONS = YES;
				CLANG_ANALYZER_NONNULL = YES;
				CLANG_ANALYZER_NUMBER_OBJECT_CONVERSION = YES_AGGRESSIVE;
				CLANG_CXX_LANGUAGE_STANDARD = "gnu++20";
				CLANG_ENABLE_MODULES = YES;
				CLANG_ENABLE_OBJC_ARC = YES;
				CLANG_ENABLE_OBJC_WEAK = YES;
				CLANG_WARN_BLOCK_CAPTURE_AUTORELEASING = YES;
				CLANG_WARN_BOOL_CONVERSION = YES;
				CLANG_WARN_COMMA = YES;
				CLANG_WARN_CONSTANT_CONVERSION = YES;
				CLANG_WARN_DEPRECATED_OBJC_IMPLEMENTATIONS = YES;
				CLANG_WARN_DIRECT_OBJC_ISA_USAGE = YES_ERROR;
				CLANG_WARN_DOCUMENTATION_COMMENTS = YES;
				CLANG_WARN_EMPTY_BODY = YES;
				CLANG_WARN_ENUM_CONVERSION = YES;
				CLANG_WARN_INFINITE_RECURSION = YES;
				CLANG_WARN_INT_CONVERSION = YES;
				CLANG_WARN_NON_LITERAL_NULL_CONVERSION = YES;
				CLANG_WARN_OBJC_IMPLICIT_RETAIN_SELF = YES;
				CLANG_WARN_OBJC_LITERAL_CONVERSION = YES;
				CLANG_WARN_OBJC_ROOT_CLASS = YES_ERROR;
				CLANG_WARN_QUOTED_INCLUDE_IN_FRAMEWORK_HEADER = YES;
				CLANG_WARN_RANGE_LOOP_ANALYSIS = YES;
				CLANG_WARN_STRICT_PROTOTYPES = YES;
				CLANG_WARN_SUSPICIOUS_MOVE = YES;
				CLANG_WARN_UNGUARDED_AVAILABILITY = YES_AGGRESSIVE;
				CLANG_WARN_UNREACHABLE_CODE = YES;
				CLANG_WARN__DUPLICATE_METHOD_MATCH = YES;
				COPY_PHASE_STRIP = NO;
				DEBUG_INFORMATION_FORMAT = dwarf;
				ENABLE_STRICT_OBJC_MSGSEND = YES;
				ENABLE_TESTABILITY = YES;
				ENABLE_USER_SCRIPT_SANDBOXING = YES;
				GCC_C_LANGUAGE_STANDARD = gnu17;
				GCC_DYNAMIC_NO_PIC = NO;
				GCC_NO_COMMON_BLOCKS = YES;
				GCC_OPTIMIZATION_LEVEL = 0;
				GCC_PREPROCESSOR_DEFINITIONS = (
					"DEBUG=1",
					"$(inherited)",
				);
				GCC_WARN_64_TO_32_BIT_CONVERSION = YES;
				GCC_WARN_ABOUT_RETURN_TYPE = YES_ERROR;
				GCC_WARN_UNDECLARED_SELECTOR = YES;
				GCC_WARN_UNINITIALIZED_AUTOS = YES_AGGRESSIVE;
				GCC_WARN_UNUSED_FUNCTION = YES;
				GCC_WARN_UNUSED_VARIABLE = YES;
				IPHONEOS_DEPLOYMENT_TARGET = 17.0;
				LOCALIZATION_PREFERS_STRING_CATALOGS = YES;
				MTL_ENABLE_DEBUG_INFO = INCLUDE_SOURCE;
				MTL_FAST_MATH = YES;
				ONLY_ACTIVE_ARCH = YES;
				SDKROOT = iphoneos;
				SWIFT_ACTIVE_COMPILATION_CONDITIONS = "DEBUG $(inherited)";
				SWIFT_OPTIMIZATION_LEVEL = "-Onone";
			};
			name = Debug;
		};
		EAD06C962B03481A00F16B80 /* Release */ = {
			isa = XCBuildConfiguration;
			buildSettings = {
				ALWAYS_SEARCH_USER_PATHS = NO;
				ASSETCATALOG_COMPILER_GENERATE_SWIFT_ASSET_SYMBOL_EXTENSIONS = YES;
				CLANG_ANALYZER_NONNULL = YES;
				CLANG_ANALYZER_NUMBER_OBJECT_CONVERSION = YES_AGGRESSIVE;
				CLANG_CXX_LANGUAGE_STANDARD = "gnu++20";
				CLANG_ENABLE_MODULES = YES;
				CLANG_ENABLE_OBJC_ARC = YES;
				CLANG_ENABLE_OBJC_WEAK = YES;
				CLANG_WARN_BLOCK_CAPTURE_AUTORELEASING = YES;
				CLANG_WARN_BOOL_CONVERSION = YES;
				CLANG_WARN_COMMA = YES;
				CLANG_WARN_CONSTANT_CONVERSION = YES;
				CLANG_WARN_DEPRECATED_OBJC_IMPLEMENTATIONS = YES;
				CLANG_WARN_DIRECT_OBJC_ISA_USAGE = YES_ERROR;
				CLANG_WARN_DOCUMENTATION_COMMENTS = YES;
				CLANG_WARN_EMPTY_BODY = YES;
				CLANG_WARN_ENUM_CONVERSION = YES;
				CLANG_WARN_INFINITE_RECURSION = YES;
				CLANG_WARN_INT_CONVERSION = YES;
				CLANG_WARN_NON_LITERAL_NULL_CONVERSION = YES;
				CLANG_WARN_OBJC_IMPLICIT_RETAIN_SELF = YES;
				CLANG_WARN_OBJC_LITERAL_CONVERSION = YES;
				CLANG_WARN_OBJC_ROOT_CLASS = YES_ERROR;
				CLANG_WARN_QUOTED_INCLUDE_IN_FRAMEWORK_HEADER = YES;
				CLANG_WARN_RANGE_LOOP_ANALYSIS = YES;
				CLANG_WARN_STRICT_PROTOTYPES = YES;
				CLANG_WARN_SUSPICIOUS_MOVE = YES;
				CLANG_WARN_UNGUARDED_AVAILABILITY = YES_AGGRESSIVE;
				CLANG_WARN_UNREACHABLE_CODE = YES;
				CLANG_WARN__DUPLICATE_METHOD_MATCH = YES;
				COPY_PHASE_STRIP = NO;
				DEBUG_INFORMATION_FORMAT = "dwarf-with-dsym";
				ENABLE_NS_ASSERTIONS = NO;
				ENABLE_STRICT_OBJC_MSGSEND = YES;
				ENABLE_USER_SCRIPT_SANDBOXING = YES;
				GCC_C_LANGUAGE_STANDARD = gnu17;
				GCC_NO_COMMON_BLOCKS = YES;
				GCC_WARN_64_TO_32_BIT_CONVERSION = YES;
				GCC_WARN_ABOUT_RETURN_TYPE = YES_ERROR;
				GCC_WARN_UNDECLARED_SELECTOR = YES;
				GCC_WARN_UNINITIALIZED_AUTOS = YES_AGGRESSIVE;
				GCC_WARN_UNUSED_FUNCTION = YES;
				GCC_WARN_UNUSED_VARIABLE = YES;
				IPHONEOS_DEPLOYMENT_TARGET = 17.0;
				LOCALIZATION_PREFERS_STRING_CATALOGS = YES;
				MTL_ENABLE_DEBUG_INFO = NO;
				MTL_FAST_MATH = YES;
				SDKROOT = iphoneos;
				SWIFT_COMPILATION_MODE = wholemodule;
				VALIDATE_PRODUCT = YES;
			};
			name = Release;
		};
		EAD06C982B03481A00F16B80 /* Debug */ = {
			isa = XCBuildConfiguration;
			buildSettings = {
				ASSETCATALOG_COMPILER_APPICON_NAME = AppIcon;
				ASSETCATALOG_COMPILER_GLOBAL_ACCENT_COLOR_NAME = AccentColor;
				CODE_SIGN_STYLE = Automatic;
				CURRENT_PROJECT_VERSION = 1;
				GENERATE_INFOPLIST_FILE = YES;
				INFOPLIST_FILE = "ios-Uikit/Info.plist";
				INFOPLIST_KEY_UIApplicationSupportsIndirectInputEvents = YES;
				INFOPLIST_KEY_UILaunchStoryboardName = LaunchScreen;
				INFOPLIST_KEY_UIMainStoryboardFile = Main;
				INFOPLIST_KEY_UISupportedInterfaceOrientations_iPad = "UIInterfaceOrientationPortrait UIInterfaceOrientationPortraitUpsideDown UIInterfaceOrientationLandscapeLeft UIInterfaceOrientationLandscapeRight";
				INFOPLIST_KEY_UISupportedInterfaceOrientations_iPhone = "UIInterfaceOrientationPortrait UIInterfaceOrientationLandscapeLeft UIInterfaceOrientationLandscapeRight";
				LD_RUNPATH_SEARCH_PATHS = (
					"$(inherited)",
					"@executable_path/Frameworks",
				);
				MARKETING_VERSION = 1.0;
				PRODUCT_BUNDLE_IDENTIFIER = "Waffle.ios-Uikit";
				PRODUCT_NAME = "$(TARGET_NAME)";
				SWIFT_EMIT_LOC_STRINGS = YES;
				SWIFT_VERSION = 5.0;
				TARGETED_DEVICE_FAMILY = "1,2";
			};
			name = Debug;
		};
		EAD06C992B03481A00F16B80 /* Release */ = {
			isa = XCBuildConfiguration;
			buildSettings = {
				ASSETCATALOG_COMPILER_APPICON_NAME = AppIcon;
				ASSETCATALOG_COMPILER_GLOBAL_ACCENT_COLOR_NAME = AccentColor;
				CODE_SIGN_STYLE = Automatic;
				CURRENT_PROJECT_VERSION = 1;
				GENERATE_INFOPLIST_FILE = YES;
				INFOPLIST_FILE = "ios-Uikit/Info.plist";
				INFOPLIST_KEY_UIApplicationSupportsIndirectInputEvents = YES;
				INFOPLIST_KEY_UILaunchStoryboardName = LaunchScreen;
				INFOPLIST_KEY_UIMainStoryboardFile = Main;
				INFOPLIST_KEY_UISupportedInterfaceOrientations_iPad = "UIInterfaceOrientationPortrait UIInterfaceOrientationPortraitUpsideDown UIInterfaceOrientationLandscapeLeft UIInterfaceOrientationLandscapeRight";
				INFOPLIST_KEY_UISupportedInterfaceOrientations_iPhone = "UIInterfaceOrientationPortrait UIInterfaceOrientationLandscapeLeft UIInterfaceOrientationLandscapeRight";
				LD_RUNPATH_SEARCH_PATHS = (
					"$(inherited)",
					"@executable_path/Frameworks",
				);
				MARKETING_VERSION = 1.0;
				PRODUCT_BUNDLE_IDENTIFIER = "Waffle.ios-Uikit";
				PRODUCT_NAME = "$(TARGET_NAME)";
				SWIFT_EMIT_LOC_STRINGS = YES;
				SWIFT_VERSION = 5.0;
				TARGETED_DEVICE_FAMILY = "1,2";
			};
			name = Release;
		};
/* End XCBuildConfiguration section */

/* Begin XCConfigurationList section */
		EAD06C7E2B03481800F16B80 /* Build configuration list for PBXProject "ios-Uikit" */ = {
			isa = XCConfigurationList;
			buildConfigurations = (
				EAD06C952B03481A00F16B80 /* Debug */,
				EAD06C962B03481A00F16B80 /* Release */,
			);
			defaultConfigurationIsVisible = 0;
			defaultConfigurationName = Release;
		};
		EAD06C972B03481A00F16B80 /* Build configuration list for PBXNativeTarget "ios-Uikit" */ = {
			isa = XCConfigurationList;
			buildConfigurations = (
				EAD06C982B03481A00F16B80 /* Debug */,
				EAD06C992B03481A00F16B80 /* Release */,
			);
			defaultConfigurationIsVisible = 0;
			defaultConfigurationName = Release;
		};
/* End XCConfigurationList section */
	};
	rootObject = EAD06C7B2B03481800F16B80 /* Project object */;
}
